schema: '2.0'
stages:
  data_ingestion:
    cmd: python src/data/data_ingestion.py
    deps:
    - path: src/data/data_ingestion.py
      hash: md5
      md5: ee08a4c31ae467cebbcce70b5cc5491a
      size: 3545
    params:
      params.yaml:
        data_ingestion.test_size: 0.15
    outs:
    - path: data/raw
      hash: md5
      md5: 9096031b858a2cbb24cca78d3ce8a538.dir
      size: 827973
      nfiles: 2
  data_preprocessing:
    cmd: python src/data/data_preprocessing.py
    deps:
    - path: data/raw
      hash: md5
      md5: 9096031b858a2cbb24cca78d3ce8a538.dir
      size: 827973
      nfiles: 2
    - path: src/data/data_preprocessing.py
      hash: md5
      md5: c1e18bf95fcc1e3d80cae9ee7c4a6383
      size: 4014
    outs:
    - path: data/interim
      hash: md5
      md5: fd478113b492acf016b3682fe296f27b.dir
      size: 566210
      nfiles: 2
  feature_engineering:
    cmd: python src/features/feature_engineering.py
    deps:
    - path: data/interim
      hash: md5
      md5: fd478113b492acf016b3682fe296f27b.dir
      size: 566210
      nfiles: 2
    - path: src/features/feature_engineering.py
      hash: md5
      md5: c1888aef256c204017522c2ce5fd36a0
      size: 3883
    params:
      params.yaml:
        feature_engineering.max_features: 3000
    outs:
    - path: data/processed
      hash: md5
      md5: ea152107137926f75105b6d6447f21b5.dir
      size: 62302916
      nfiles: 2
    - path: models/vectorizer.pkl
      hash: md5
      md5: dd751726583f9ebfea2304145a6bdf90
      size: 82998
  model_building:
    cmd: python src/model/model_building.py
    deps:
    - path: data/processed
      hash: md5
      md5: ea152107137926f75105b6d6447f21b5.dir
      size: 62302916
      nfiles: 2
    - path: src/model/model_building.py
      hash: md5
      md5: 809681a98d52938b43c9befd0b00a422
      size: 2373
    outs:
    - path: models/model.pkl
      hash: md5
      md5: c2a4dced2f77f1278300b39dd6aea1da
      size: 24698
  model_evaluation:
    cmd: python src/model/model_evaluation.py
    deps:
    - path: models/model.pkl
      hash: md5
      md5: c2a4dced2f77f1278300b39dd6aea1da
      size: 24698
    - path: src/model/model_evaluation.py
      hash: md5
      md5: 26e818476322c8cf09d34dc44473f3a2
      size: 5484
    outs:
    - path: reports/experiment_info.json
      hash: md5
      md5: 11f6ed729c0e58b14aa8eed6a1d072b2
      size: 82
    - path: reports/metrics.json
      hash: md5
      md5: 294773939b282e250c81e661c86331f1
      size: 143
  model_registration:
    cmd: python src/model/register_model.py
    deps:
    - path: reports/experiment_info.json
      hash: md5
      md5: 11f6ed729c0e58b14aa8eed6a1d072b2
      size: 82
    - path: src/model/register_model.py
      hash: md5
      md5: c643527a7a27313b5da9bbf91f606c87
      size: 2615
